
Microsoft Visual Studio Solution File, Format Version 12.00
# Visual Studio 15
VisualStudioVersion = 15.0.26114.2
MinimumVisualStudioVersion = 10.0.40219.1
Project("{FAE04EC0-301F-11D3-BF4B-00C04F79EFBC}") = "NetCoreNetty.Sandbox", "NetCoreNetty.Sandbox\NetCoreNetty.Sandbox.csproj", "{73579F5E-6632-4BA4-A0C6-368BC803FDC4}"
EndProject
Project("{FAE04EC0-301F-11D3-BF4B-00C04F79EFBC}") = "NetCoreNetty.Libuv", "NetCoreNetty.Libuv\NetCoreNetty.Libuv.csproj", "{DB9DA538-FA1C-4565-B624-2D61453F518C}"
EndProject
Project("{FAE04EC0-301F-11D3-BF4B-00C04F79EFBC}") = "BenchmarkSandbox", "BenchmarkSandbox\BenchmarkSandbox.csproj", "{337CD5FD-A28C-482F-ADA3-A1D169BE9D58}"
EndProject
Project("{FAE04EC0-301F-11D3-BF4B-00C04F79EFBC}") = "NetCoreNetty.Handlers.Tests", "NetCoreNetty.Handlers.Tests\NetCoreNetty.Handlers.Tests.csproj", "{09345477-B068-4714-B6D0-C368ADBFD889}"
EndProject
Project("{FAE04EC0-301F-11D3-BF4B-00C04F79EFBC}") = "NetCoreNetty.Buffers.Tests", "NetCoreNetty.Buffers.Tests\NetCoreNetty.Buffers.Tests.csproj", "{03076392-F186-4C5B-9460-436E8D74F767}"
EndProject
Project("{FAE04EC0-301F-11D3-BF4B-00C04F79EFBC}") = "NetCoreNetty", "NetCoreNetty\NetCoreNetty.csproj", "{4C47876E-A9BD-4C51-AC4E-A8D84DF6FEBD}"
EndProject
Project("{FAE04EC0-301F-11D3-BF4B-00C04F79EFBC}") = "NetCoreNetty.Predefined", "NetCoreNetty.Predefined\NetCoreNetty.Predefined.csproj", "{1C654FE0-E5DE-4D2F-B740-FA7EAD8C1C81}"
EndProject
Global
	GlobalSection(SolutionConfigurationPlatforms) = preSolution
		Debug|Any CPU = Debug|Any CPU
		Release|Any CPU = Release|Any CPU
	EndGlobalSection
	GlobalSection(ProjectConfigurationPlatforms) = postSolution
		{73579F5E-6632-4BA4-A0C6-368BC803FDC4}.Debug|Any CPU.ActiveCfg = Debug|Any CPU
		{73579F5E-6632-4BA4-A0C6-368BC803FDC4}.Debug|Any CPU.Build.0 = Debug|Any CPU
		{73579F5E-6632-4BA4-A0C6-368BC803FDC4}.Release|Any CPU.ActiveCfg = Release|Any CPU
		{73579F5E-6632-4BA4-A0C6-368BC803FDC4}.Release|Any CPU.Build.0 = Release|Any CPU
		{DB9DA538-FA1C-4565-B624-2D61453F518C}.Debug|Any CPU.ActiveCfg = Debug|Any CPU
		{DB9DA538-FA1C-4565-B624-2D61453F518C}.Debug|Any CPU.Build.0 = Debug|Any CPU
		{DB9DA538-FA1C-4565-B624-2D61453F518C}.Release|Any CPU.ActiveCfg = Release|Any CPU
		{DB9DA538-FA1C-4565-B624-2D61453F518C}.Release|Any CPU.Build.0 = Release|Any CPU
		{337CD5FD-A28C-482F-ADA3-A1D169BE9D58}.Debug|Any CPU.ActiveCfg = Debug|Any CPU
		{337CD5FD-A28C-482F-ADA3-A1D169BE9D58}.Debug|Any CPU.Build.0 = Debug|Any CPU
		{337CD5FD-A28C-482F-ADA3-A1D169BE9D58}.Release|Any CPU.ActiveCfg = Release|Any CPU
		{337CD5FD-A28C-482F-ADA3-A1D169BE9D58}.Release|Any CPU.Build.0 = Release|Any CPU
		{09345477-B068-4714-B6D0-C368ADBFD889}.Debug|Any CPU.ActiveCfg = Debug|Any CPU
		{09345477-B068-4714-B6D0-C368ADBFD889}.Debug|Any CPU.Build.0 = Debug|Any CPU
		{09345477-B068-4714-B6D0-C368ADBFD889}.Release|Any CPU.ActiveCfg = Release|Any CPU
		{09345477-B068-4714-B6D0-C368ADBFD889}.Release|Any CPU.Build.0 = Release|Any CPU
		{03076392-F186-4C5B-9460-436E8D74F767}.Debug|Any CPU.ActiveCfg = Debug|Any CPU
		{03076392-F186-4C5B-9460-436E8D74F767}.Debug|Any CPU.Build.0 = Debug|Any CPU
		{03076392-F186-4C5B-9460-436E8D74F767}.Release|Any CPU.ActiveCfg = Release|Any CPU
		{03076392-F186-4C5B-9460-436E8D74F767}.Release|Any CPU.Build.0 = Release|Any CPU
		{4C47876E-A9BD-4C51-AC4E-A8D84DF6FEBD}.Debug|Any CPU.ActiveCfg = Debug|Any CPU
		{4C47876E-A9BD-4C51-AC4E-A8D84DF6FEBD}.Debug|Any CPU.Build.0 = Debug|Any CPU
		{4C47876E-A9BD-4C51-AC4E-A8D84DF6FEBD}.Release|Any CPU.ActiveCfg = Release|Any CPU
		{4C47876E-A9BD-4C51-AC4E-A8D84DF6FEBD}.Release|Any CPU.Build.0 = Release|Any CPU
		{1C654FE0-E5DE-4D2F-B740-FA7EAD8C1C81}.Debug|Any CPU.ActiveCfg = Debug|Any CPU
		{1C654FE0-E5DE-4D2F-B740-FA7EAD8C1C81}.Debug|Any CPU.Build.0 = Debug|Any CPU
		{1C654FE0-E5DE-4D2F-B740-FA7EAD8C1C81}.Release|Any CPU.ActiveCfg = Release|Any CPU
		{1C654FE0-E5DE-4D2F-B740-FA7EAD8C1C81}.Release|Any CPU.Build.0 = Release|Any CPU
	EndGlobalSection
	GlobalSection(SolutionProperties) = preSolution
		HideSolutionNode = FALSE
	EndGlobalSection
EndGlobal
